
Microsoft Visual Studio Solution File, Format Version 12.00
# Visual Studio 2013
VisualStudioVersion = 12.0.21005.1
MinimumVisualStudioVersion = 10.0.40219.1
Project("{FAE04EC0-301F-11D3-BF4B-00C04F79EFBC}") = "SampleParcelFabricEdits", "SampleParcelFabricEdits\SampleParcelFabricEdits.csproj", "{7CB8B3EB-CD54-420B-BE40-EE8EF617A5FE}"
EndProject
Project("{FAE04EC0-301F-11D3-BF4B-00C04F79EFBC}") = "SampleParcelEditsViaPacket", "SampleParcelEditsViaPacket\SampleParcelEditsViaPacket.csproj", "{7C620D2B-C905-4441-8AC4-264C03D53F73}"
EndProject
Project("{FAE04EC0-301F-11D3-BF4B-00C04F79EFBC}") = "SampleParcelTraceTool", "..\SampleParcelTraceTool\SampleParcelTraceTool\SampleParcelTraceTool.csproj", "{A58C6B5D-B5CB-41EB-B3BA-51B14B4B7937}"
EndProject
Global
	GlobalSection(SolutionConfigurationPlatforms) = preSolution
		Debug|Any CPU = Debug|Any CPU
		Release|Any CPU = Release|Any CPU
	EndGlobalSection
	GlobalSection(ProjectConfigurationPlatforms) = postSolution
		{7CB8B3EB-CD54-420B-BE40-EE8EF617A5FE}.Debug|Any CPU.ActiveCfg = Debug|Any CPU
		{7CB8B3EB-CD54-420B-BE40-EE8EF617A5FE}.Debug|Any CPU.Build.0 = Debug|Any CPU
		{7CB8B3EB-CD54-420B-BE40-EE8EF617A5FE}.Release|Any CPU.ActiveCfg = Release|Any CPU
		{7CB8B3EB-CD54-420B-BE40-EE8EF617A5FE}.Release|Any CPU.Build.0 = Release|Any CPU
		{7C620D2B-C905-4441-8AC4-264C03D53F73}.Debug|Any CPU.ActiveCfg = Debug|Any CPU
		{7C620D2B-C905-4441-8AC4-264C03D53F73}.Debug|Any CPU.Build.0 = Debug|Any CPU
		{7C620D2B-C905-4441-8AC4-264C03D53F73}.Release|Any CPU.ActiveCfg = Release|Any CPU
		{7C620D2B-C905-4441-8AC4-264C03D53F73}.Release|Any CPU.Build.0 = Release|Any CPU
		{A58C6B5D-B5CB-41EB-B3BA-51B14B4B7937}.Debug|Any CPU.ActiveCfg = Debug|Any CPU
		{A58C6B5D-B5CB-41EB-B3BA-51B14B4B7937}.Debug|Any CPU.Build.0 = Debug|Any CPU
		{A58C6B5D-B5CB-41EB-B3BA-51B14B4B7937}.Release|Any CPU.ActiveCfg = Release|Any CPU
		{A58C6B5D-B5CB-41EB-B3BA-51B14B4B7937}.Release|Any CPU.Build.0 = Release|Any CPU
	EndGlobalSection
	GlobalSection(SolutionProperties) = preSolution
		HideSolutionNode = FALSE
	EndGlobalSection
EndGlobal
