
Microsoft Visual Studio Solution File, Format Version 12.00
# Visual Studio 2013
VisualStudioVersion = 12.0.21005.1
MinimumVisualStudioVersion = 10.0.40219.1
Project("{FAE04EC0-301F-11D3-BF4B-00C04F79EFBC}") = "SampleParcelFabricEvents", "SampleParcelFabricEvents\SampleParcelFabricEvents.csproj", "{AFE3FCC5-FA6D-4169-B93E-AB894A6D748B}"
EndProject
Global
	GlobalSection(SolutionConfigurationPlatforms) = preSolution
		Debug|Any CPU = Debug|Any CPU
		Release|Any CPU = Release|Any CPU
	EndGlobalSection
	GlobalSection(ProjectConfigurationPlatforms) = postSolution
		{AFE3FCC5-FA6D-4169-B93E-AB894A6D748B}.Debug|Any CPU.ActiveCfg = Debug|Any CPU
		{AFE3FCC5-FA6D-4169-B93E-AB894A6D748B}.Debug|Any CPU.Build.0 = Debug|Any CPU
		{AFE3FCC5-FA6D-4169-B93E-AB894A6D748B}.Release|Any CPU.ActiveCfg = Release|Any CPU
		{AFE3FCC5-FA6D-4169-B93E-AB894A6D748B}.Release|Any CPU.Build.0 = Release|Any CPU
	EndGlobalSection
	GlobalSection(SolutionProperties) = preSolution
		HideSolutionNode = FALSE
	EndGlobalSection
EndGlobal
